// !$*UTF8*$!
{
	archiveVersion = 1;
	classes = {
	};
	objectVersion = 46;
	objects = {

/* Begin PBXBuildFile section */
		A0461ECB1D1C9F4D00763BCE /* main.m in Sources */ = {isa = PBXBuildFile; fileRef = A0461ECA1D1C9F4D00763BCE /* main.m */; };
		A0461ECE1D1C9F4D00763BCE /* AppDelegate.m in Sources */ = {isa = PBXBuildFile; fileRef = A0461ECD1D1C9F4D00763BCE /* AppDelegate.m */; };
		A0461ED11D1C9F4D00763BCE /* Start.m in Sources */ = {isa = PBXBuildFile; fileRef = A0461ED01D1C9F4D00763BCE /* Start.m */; };
		A0461ED41D1C9F4D00763BCE /* Main.storyboard in Resources */ = {isa = PBXBuildFile; fileRef = A0461ED21D1C9F4D00763BCE /* Main.storyboard */; };
		A0461ED71D1C9F4E00763BCE /* Lab04.xcdatamodeld in Sources */ = {isa = PBXBuildFile; fileRef = A0461ED51D1C9F4D00763BCE /* Lab04.xcdatamodeld */; };
		A0461ED91D1C9F4E00763BCE /* Assets.xcassets in Resources */ = {isa = PBXBuildFile; fileRef = A0461ED81D1C9F4E00763BCE /* Assets.xcassets */; };
		A0461EDC1D1C9F4E00763BCE /* LaunchScreen.storyboard in Resources */ = {isa = PBXBuildFile; fileRef = A0461EDA1D1C9F4E00763BCE /* LaunchScreen.storyboard */; };
		A0461EE71D1CA5F200763BCE /* Intro.m in Sources */ = {isa = PBXBuildFile; fileRef = A0461EE61D1CA5F200763BCE /* Intro.m */; };
		A0461EEA1D1CA67100763BCE /* Declarations.m in Sources */ = {isa = PBXBuildFile; fileRef = A0461EE91D1CA67100763BCE /* Declarations.m */; };
		A0461EED1D1CAC0800763BCE /* Home.m in Sources */ = {isa = PBXBuildFile; fileRef = A0461EEC1D1CAC0800763BCE /* Home.m */; };
		A0461EF21D1CADF700763BCE /* itemsCell.m in Sources */ = {isa = PBXBuildFile; fileRef = A0461EF01D1CADF700763BCE /* itemsCell.m */; };
		A0461EF31D1CADF700763BCE /* itemsCell.xib in Resources */ = {isa = PBXBuildFile; fileRef = A0461EF11D1CADF700763BCE /* itemsCell.xib */; };
		A0461EF61D1CAF9B00763BCE /* Details.m in Sources */ = {isa = PBXBuildFile; fileRef = A0461EF51D1CAF9B00763BCE /* Details.m */; };
		A0B0EC4E1D1DCDEA00583658 /* Boton.png in Resources */ = {isa = PBXBuildFile; fileRef = A0B0EC4D1D1DCDEA00583658 /* Boton.png */; };
		A0B0EC551D1DD1DA00583658 /* g5.jpg in Resources */ = {isa = PBXBuildFile; fileRef = A0B0EC501D1DD1DA00583658 /* g5.jpg */; };
		A0B0EC561D1DD1DA00583658 /* g4.jpg in Resources */ = {isa = PBXBuildFile; fileRef = A0B0EC511D1DD1DA00583658 /* g4.jpg */; };
		A0B0EC571D1DD1DA00583658 /* g3.jpg in Resources */ = {isa = PBXBuildFile; fileRef = A0B0EC521D1DD1DA00583658 /* g3.jpg */; };
		A0B0EC581D1DD1DA00583658 /* g2.jpg in Resources */ = {isa = PBXBuildFile; fileRef = A0B0EC531D1DD1DA00583658 /* g2.jpg */; };
		A0B0EC591D1DD1DA00583658 /* g1.png in Resources */ = {isa = PBXBuildFile; fileRef = A0B0EC541D1DD1DA00583658 /* g1.png */; };
		A0B0EC601D1DD60700583658 /* g11.jpg in Resources */ = {isa = PBXBuildFile; fileRef = A0B0EC5A1D1DD60700583658 /* g11.jpg */; };
		A0B0EC611D1DD60700583658 /* g10.jpg in Resources */ = {isa = PBXBuildFile; fileRef = A0B0EC5B1D1DD60700583658 /* g10.jpg */; };
		A0B0EC621D1DD60700583658 /* g9.jpg in Resources */ = {isa = PBXBuildFile; fileRef = A0B0EC5C1D1DD60700583658 /* g9.jpg */; };
		A0B0EC631D1DD60700583658 /* g8.jpg in Resources */ = {isa = PBXBuildFile; fileRef = A0B0EC5D1D1DD60700583658 /* g8.jpg */; };
		A0B0EC641D1DD60700583658 /* g7.jpg in Resources */ = {isa = PBXBuildFile; fileRef = A0B0EC5E1D1DD60700583658 /* g7.jpg */; };
		A0B0EC651D1DD60700583658 /* g6.jpg in Resources */ = {isa = PBXBuildFile; fileRef = A0B0EC5F1D1DD60700583658 /* g6.jpg */; };
		A0B0EC6B1D1DD7F800583658 /* g16.jpg in Resources */ = {isa = PBXBuildFile; fileRef = A0B0EC661D1DD7F800583658 /* g16.jpg */; };
		A0B0EC6C1D1DD7F800583658 /* g15.png in Resources */ = {isa = PBXBuildFile; fileRef = A0B0EC671D1DD7F800583658 /* g15.png */; };
		A0B0EC6D1D1DD7F800583658 /* g14.jpg in Resources */ = {isa = PBXBuildFile; fileRef = A0B0EC681D1DD7F800583658 /* g14.jpg */; };
		A0B0EC6E1D1DD7F800583658 /* g13.jpg in Resources */ = {isa = PBXBuildFile; fileRef = A0B0EC691D1DD7F800583658 /* g13.jpg */; };
		A0B0EC6F1D1DD7F800583658 /* g12.jpg in Resources */ = {isa = PBXBuildFile; fileRef = A0B0EC6A1D1DD7F800583658 /* g12.jpg */; };
		A0B0EC731D1DDADD00583658 /* Intro1.png in Resources */ = {isa = PBXBuildFile; fileRef = A0B0EC701D1DDADD00583658 /* Intro1.png */; };
		A0B0EC741D1DDADD00583658 /* Intro2.png in Resources */ = {isa = PBXBuildFile; fileRef = A0B0EC711D1DDADD00583658 /* Intro2.png */; };
		A0B0EC751D1DDADD00583658 /* Intro3.png in Resources */ = {isa = PBXBuildFile; fileRef = A0B0EC721D1DDADD00583658 /* Intro3.png */; };
		A0B0EC791D1DDCB800583658 /* logo3.jpg in Resources */ = {isa = PBXBuildFile; fileRef = A0B0EC761D1DDCB800583658 /* logo3.jpg */; };
		A0B0EC7A1D1DDCB800583658 /* logo2.png in Resources */ = {isa = PBXBuildFile; fileRef = A0B0EC771D1DDCB800583658 /* logo2.png */; };
		A0B0EC7B1D1DDCB800583658 /* logo1.jpg in Resources */ = {isa = PBXBuildFile; fileRef = A0B0EC781D1DDCB800583658 /* logo1.jpg */; };
		A0B0EC7D1D1DDFDE00583658 /* logo4.png in Resources */ = {isa = PBXBuildFile; fileRef = A0B0EC7C1D1DDFDE00583658 /* logo4.png */; };
/* End PBXBuildFile section */

/* Begin PBXFileReference section */
		A0461EC61D1C9F4D00763BCE /* Lab04.app */ = {isa = PBXFileReference; explicitFileType = wrapper.application; includeInIndex = 0; path = Lab04.app; sourceTree = BUILT_PRODUCTS_DIR; };
		A0461ECA1D1C9F4D00763BCE /* main.m */ = {isa = PBXFileReference; lastKnownFileType = sourcecode.c.objc; path = main.m; sourceTree = "<group>"; };
		A0461ECC1D1C9F4D00763BCE /* AppDelegate.h */ = {isa = PBXFileReference; lastKnownFileType = sourcecode.c.h; path = AppDelegate.h; sourceTree = "<group>"; };
		A0461ECD1D1C9F4D00763BCE /* AppDelegate.m */ = {isa = PBXFileReference; lastKnownFileType = sourcecode.c.objc; path = AppDelegate.m; sourceTree = "<group>"; };
		A0461ECF1D1C9F4D00763BCE /* Start.h */ = {isa = PBXFileReference; lastKnownFileType = sourcecode.c.h; path = Start.h; sourceTree = "<group>"; };
		A0461ED01D1C9F4D00763BCE /* Start.m */ = {isa = PBXFileReference; lastKnownFileType = sourcecode.c.objc; path = Start.m; sourceTree = "<group>"; };
		A0461ED31D1C9F4D00763BCE /* Base */ = {isa = PBXFileReference; lastKnownFileType = file.storyboard; name = Base; path = Base.lproj/Main.storyboard; sourceTree = "<group>"; };
		A0461ED61D1C9F4D00763BCE /* Lab04.xcdatamodel */ = {isa = PBXFileReference; lastKnownFileType = wrapper.xcdatamodel; path = Lab04.xcdatamodel; sourceTree = "<group>"; };
		A0461ED81D1C9F4E00763BCE /* Assets.xcassets */ = {isa = PBXFileReference; lastKnownFileType = folder.assetcatalog; path = Assets.xcassets; sourceTree = "<group>"; };
		A0461EDB1D1C9F4E00763BCE /* Base */ = {isa = PBXFileReference; lastKnownFileType = file.storyboard; name = Base; path = Base.lproj/LaunchScreen.storyboard; sourceTree = "<group>"; };
		A0461EDD1D1C9F4E00763BCE /* Info.plist */ = {isa = PBXFileReference; lastKnownFileType = text.plist.xml; path = Info.plist; sourceTree = "<group>"; };
		A0461EE51D1CA5F200763BCE /* Intro.h */ = {isa = PBXFileReference; fileEncoding = 4; lastKnownFileType = sourcecode.c.h; path = Intro.h; sourceTree = "<group>"; };
		A0461EE61D1CA5F200763BCE /* Intro.m */ = {isa = PBXFileReference; fileEncoding = 4; lastKnownFileType = sourcecode.c.objc; path = Intro.m; sourceTree = "<group>"; };
		A0461EE81D1CA67100763BCE /* Declarations.h */ = {isa = PBXFileReference; fileEncoding = 4; lastKnownFileType = sourcecode.c.h; path = Declarations.h; sourceTree = "<group>"; };
		A0461EE91D1CA67100763BCE /* Declarations.m */ = {isa = PBXFileReference; fileEncoding = 4; lastKnownFileType = sourcecode.c.objc; path = Declarations.m; sourceTree = "<group>"; };
		A0461EEB1D1CAC0800763BCE /* Home.h */ = {isa = PBXFileReference; fileEncoding = 4; lastKnownFileType = sourcecode.c.h; path = Home.h; sourceTree = "<group>"; };
		A0461EEC1D1CAC0800763BCE /* Home.m */ = {isa = PBXFileReference; fileEncoding = 4; lastKnownFileType = sourcecode.c.objc; path = Home.m; sourceTree = "<group>"; };
		A0461EEF1D1CADF700763BCE /* itemsCell.h */ = {isa = PBXFileReference; fileEncoding = 4; lastKnownFileType = sourcecode.c.h; path = itemsCell.h; sourceTree = "<group>"; };
		A0461EF01D1CADF700763BCE /* itemsCell.m */ = {isa = PBXFileReference; fileEncoding = 4; lastKnownFileType = sourcecode.c.objc; path = itemsCell.m; sourceTree = "<group>"; };
		A0461EF11D1CADF700763BCE /* itemsCell.xib */ = {isa = PBXFileReference; fileEncoding = 4; lastKnownFileType = file.xib; path = itemsCell.xib; sourceTree = "<group>"; };
		A0461EF41D1CAF9B00763BCE /* Details.h */ = {isa = PBXFileReference; fileEncoding = 4; lastKnownFileType = sourcecode.c.h; path = Details.h; sourceTree = "<group>"; };
		A0461EF51D1CAF9B00763BCE /* Details.m */ = {isa = PBXFileReference; fileEncoding = 4; lastKnownFileType = sourcecode.c.objc; path = Details.m; sourceTree = "<group>"; };
		A0B0EC4D1D1DCDEA00583658 /* Boton.png */ = {isa = PBXFileReference; lastKnownFileType = image.png; path = Boton.png; sourceTree = "<group>"; };
		A0B0EC501D1DD1DA00583658 /* g5.jpg */ = {isa = PBXFileReference; lastKnownFileType = image.jpeg; path = g5.jpg; sourceTree = "<group>"; };
		A0B0EC511D1DD1DA00583658 /* g4.jpg */ = {isa = PBXFileReference; lastKnownFileType = image.jpeg; path = g4.jpg; sourceTree = "<group>"; };
		A0B0EC521D1DD1DA00583658 /* g3.jpg */ = {isa = PBXFileReference; lastKnownFileType = image.jpeg; path = g3.jpg; sourceTree = "<group>"; };
		A0B0EC531D1DD1DA00583658 /* g2.jpg */ = {isa = PBXFileReference; lastKnownFileType = image.jpeg; path = g2.jpg; sourceTree = "<group>"; };
		A0B0EC541D1DD1DA00583658 /* g1.png */ = {isa = PBXFileReference; lastKnownFileType = image.png; path = g1.png; sourceTree = "<group>"; };
		A0B0EC5A1D1DD60700583658 /* g11.jpg */ = {isa = PBXFileReference; lastKnownFileType = image.jpeg; path = g11.jpg; sourceTree = "<group>"; };
		A0B0EC5B1D1DD60700583658 /* g10.jpg */ = {isa = PBXFileReference; lastKnownFileType = image.jpeg; path = g10.jpg; sourceTree = "<group>"; };
		A0B0EC5C1D1DD60700583658 /* g9.jpg */ = {isa = PBXFileReference; lastKnownFileType = image.jpeg; path = g9.jpg; sourceTree = "<group>"; };
		A0B0EC5D1D1DD60700583658 /* g8.jpg */ = {isa = PBXFileReference; lastKnownFileType = image.jpeg; path = g8.jpg; sourceTree = "<group>"; };
		A0B0EC5E1D1DD60700583658 /* g7.jpg */ = {isa = PBXFileReference; lastKnownFileType = image.jpeg; path = g7.jpg; sourceTree = "<group>"; };
		A0B0EC5F1D1DD60700583658 /* g6.jpg */ = {isa = PBXFileReference; lastKnownFileType = image.jpeg; path = g6.jpg; sourceTree = "<group>"; };
		A0B0EC661D1DD7F800583658 /* g16.jpg */ = {isa = PBXFileReference; lastKnownFileType = image.jpeg; path = g16.jpg; sourceTree = "<group>"; };
		A0B0EC671D1DD7F800583658 /* g15.png */ = {isa = PBXFileReference; lastKnownFileType = image.png; path = g15.png; sourceTree = "<group>"; };
		A0B0EC681D1DD7F800583658 /* g14.jpg */ = {isa = PBXFileReference; lastKnownFileType = image.jpeg; path = g14.jpg; sourceTree = "<group>"; };
		A0B0EC691D1DD7F800583658 /* g13.jpg */ = {isa = PBXFileReference; lastKnownFileType = image.jpeg; path = g13.jpg; sourceTree = "<group>"; };
		A0B0EC6A1D1DD7F800583658 /* g12.jpg */ = {isa = PBXFileReference; lastKnownFileType = image.jpeg; path = g12.jpg; sourceTree = "<group>"; };
		A0B0EC701D1DDADD00583658 /* Intro1.png */ = {isa = PBXFileReference; lastKnownFileType = image.png; path = Intro1.png; sourceTree = "<group>"; };
		A0B0EC711D1DDADD00583658 /* Intro2.png */ = {isa = PBXFileReference; lastKnownFileType = image.png; path = Intro2.png; sourceTree = "<group>"; };
		A0B0EC721D1DDADD00583658 /* Intro3.png */ = {isa = PBXFileReference; lastKnownFileType = image.png; path = Intro3.png; sourceTree = "<group>"; };
		A0B0EC761D1DDCB800583658 /* logo3.jpg */ = {isa = PBXFileReference; lastKnownFileType = image.jpeg; path = logo3.jpg; sourceTree = "<group>"; };
		A0B0EC771D1DDCB800583658 /* logo2.png */ = {isa = PBXFileReference; lastKnownFileType = image.png; path = logo2.png; sourceTree = "<group>"; };
		A0B0EC781D1DDCB800583658 /* logo1.jpg */ = {isa = PBXFileReference; lastKnownFileType = image.jpeg; path = logo1.jpg; sourceTree = "<group>"; };
		A0B0EC7C1D1DDFDE00583658 /* logo4.png */ = {isa = PBXFileReference; lastKnownFileType = image.png; path = logo4.png; sourceTree = "<group>"; };
/* End PBXFileReference section */

/* Begin PBXFrameworksBuildPhase section */
		A0461EC31D1C9F4D00763BCE /* Frameworks */ = {
			isa = PBXFrameworksBuildPhase;
			buildActionMask = 2147483647;
			files = (
			);
			runOnlyForDeploymentPostprocessing = 0;
		};
/* End PBXFrameworksBuildPhase section */

/* Begin PBXGroup section */
		A0461EBD1D1C9F4C00763BCE = {
			isa = PBXGroup;
			children = (
				A0461EC81D1C9F4D00763BCE /* Lab04 */,
				A0461EC71D1C9F4D00763BCE /* Products */,
			);
			sourceTree = "<group>";
		};
		A0461EC71D1C9F4D00763BCE /* Products */ = {
			isa = PBXGroup;
			children = (
				A0461EC61D1C9F4D00763BCE /* Lab04.app */,
			);
			name = Products;
			sourceTree = "<group>";
		};
		A0461EC81D1C9F4D00763BCE /* Lab04 */ = {
			isa = PBXGroup;
			children = (
				A0B0EC4F1D1DD1B700583658 /* Images */,
				A0461EEE1D1CADAD00763BCE /* Cell */,
				A0461EE31D1CA44D00763BCE /* Main */,
				A0461EE41D1CA45600763BCE /* Controllers */,
				A0461ED21D1C9F4D00763BCE /* Main.storyboard */,
				A0461ED81D1C9F4E00763BCE /* Assets.xcassets */,
				A0461EDA1D1C9F4E00763BCE /* LaunchScreen.storyboard */,
				A0461EDD1D1C9F4E00763BCE /* Info.plist */,
				A0461ED51D1C9F4D00763BCE /* Lab04.xcdatamodeld */,
				A0461EC91D1C9F4D00763BCE /* Supporting Files */,
			);
			path = Lab04;
			sourceTree = "<group>";
		};
		A0461EC91D1C9F4D00763BCE /* Supporting Files */ = {
			isa = PBXGroup;
			children = (
				A0461ECA1D1C9F4D00763BCE /* main.m */,
			);
			name = "Supporting Files";
			sourceTree = "<group>";
		};
		A0461EE31D1CA44D00763BCE /* Main */ = {
			isa = PBXGroup;
			children = (
				A0461ECC1D1C9F4D00763BCE /* AppDelegate.h */,
				A0461ECD1D1C9F4D00763BCE /* AppDelegate.m */,
				A0461EE81D1CA67100763BCE /* Declarations.h */,
				A0461EE91D1CA67100763BCE /* Declarations.m */,
			);
			name = Main;
			sourceTree = "<group>";
		};
		A0461EE41D1CA45600763BCE /* Controllers */ = {
			isa = PBXGroup;
			children = (
				A0461ECF1D1C9F4D00763BCE /* Start.h */,
				A0461ED01D1C9F4D00763BCE /* Start.m */,
				A0461EE51D1CA5F200763BCE /* Intro.h */,
				A0461EE61D1CA5F200763BCE /* Intro.m */,
				A0461EEB1D1CAC0800763BCE /* Home.h */,
				A0461EEC1D1CAC0800763BCE /* Home.m */,
				A0461EF41D1CAF9B00763BCE /* Details.h */,
				A0461EF51D1CAF9B00763BCE /* Details.m */,
			);
			name = Controllers;
			sourceTree = "<group>";
		};
		A0461EEE1D1CADAD00763BCE /* Cell */ = {
			isa = PBXGroup;
			children = (
				A0461EEF1D1CADF700763BCE /* itemsCell.h */,
				A0461EF01D1CADF700763BCE /* itemsCell.m */,
				A0461EF11D1CADF700763BCE /* itemsCell.xib */,
			);
			name = Cell;
			sourceTree = "<group>";
		};
		A0B0EC4F1D1DD1B700583658 /* Images */ = {
			isa = PBXGroup;
			children = (
				A0B0EC701D1DDADD00583658 /* Intro1.png */,
				A0B0EC711D1DDADD00583658 /* Intro2.png */,
				A0B0EC721D1DDADD00583658 /* Intro3.png */,
				A0B0EC661D1DD7F800583658 /* g16.jpg */,
				A0B0EC671D1DD7F800583658 /* g15.png */,
				A0B0EC681D1DD7F800583658 /* g14.jpg */,
				A0B0EC691D1DD7F800583658 /* g13.jpg */,
				A0B0EC6A1D1DD7F800583658 /* g12.jpg */,
				A0B0EC5A1D1DD60700583658 /* g11.jpg */,
				A0B0EC5B1D1DD60700583658 /* g10.jpg */,
				A0B0EC5C1D1DD60700583658 /* g9.jpg */,
				A0B0EC5D1D1DD60700583658 /* g8.jpg */,
				A0B0EC5E1D1DD60700583658 /* g7.jpg */,
				A0B0EC5F1D1DD60700583658 /* g6.jpg */,
				A0B0EC501D1DD1DA00583658 /* g5.jpg */,
				A0B0EC511D1DD1DA00583658 /* g4.jpg */,
				A0B0EC521D1DD1DA00583658 /* g3.jpg */,
				A0B0EC531D1DD1DA00583658 /* g2.jpg */,
				A0B0EC541D1DD1DA00583658 /* g1.png */,
				A0B0EC761D1DDCB800583658 /* logo3.jpg */,
				A0B0EC771D1DDCB800583658 /* logo2.png */,
				A0B0EC7C1D1DDFDE00583658 /* logo4.png */,
				A0B0EC781D1DDCB800583658 /* logo1.jpg */,
				A0B0EC4D1D1DCDEA00583658 /* Boton.png */,
			);
			name = Images;
			sourceTree = "<group>";
		};
/* End PBXGroup section */

/* Begin PBXNativeTarget section */
		A0461EC51D1C9F4D00763BCE /* Lab04 */ = {
			isa = PBXNativeTarget;
			buildConfigurationList = A0461EE01D1C9F4E00763BCE /* Build configuration list for PBXNativeTarget "Lab04" */;
			buildPhases = (
				A0461EC21D1C9F4D00763BCE /* Sources */,
				A0461EC31D1C9F4D00763BCE /* Frameworks */,
				A0461EC41D1C9F4D00763BCE /* Resources */,
			);
			buildRules = (
			);
			dependencies = (
			);
			name = Lab04;
			productName = Lab04;
			productReference = A0461EC61D1C9F4D00763BCE /* Lab04.app */;
			productType = "com.apple.product-type.application";
		};
/* End PBXNativeTarget section */

/* Begin PBXProject section */
		A0461EBE1D1C9F4D00763BCE /* Project object */ = {
			isa = PBXProject;
			attributes = {
				LastUpgradeCheck = 0730;
				ORGANIZATIONNAME = "Luis de Jesus Martin Castillo";
				TargetAttributes = {
					A0461EC51D1C9F4D00763BCE = {
						CreatedOnToolsVersion = 7.3.1;
						DevelopmentTeam = G4BTYN7N43;
					};
				};
			};
			buildConfigurationList = A0461EC11D1C9F4D00763BCE /* Build configuration list for PBXProject "Lab04" */;
			compatibilityVersion = "Xcode 3.2";
			developmentRegion = English;
			hasScannedForEncodings = 0;
			knownRegions = (
				en,
				Base,
			);
			mainGroup = A0461EBD1D1C9F4C00763BCE;
			productRefGroup = A0461EC71D1C9F4D00763BCE /* Products */;
			projectDirPath = "";
			projectRoot = "";
			targets = (
				A0461EC51D1C9F4D00763BCE /* Lab04 */,
			);
		};
/* End PBXProject section */

/* Begin PBXResourcesBuildPhase section */
		A0461EC41D1C9F4D00763BCE /* Resources */ = {
			isa = PBXResourcesBuildPhase;
			buildActionMask = 2147483647;
			files = (
				A0B0EC731D1DDADD00583658 /* Intro1.png in Resources */,
				A0B0EC6F1D1DD7F800583658 /* g12.jpg in Resources */,
				A0B0EC591D1DD1DA00583658 /* g1.png in Resources */,
				A0B0EC651D1DD60700583658 /* g6.jpg in Resources */,
				A0B0EC6D1D1DD7F800583658 /* g14.jpg in Resources */,
				A0B0EC561D1DD1DA00583658 /* g4.jpg in Resources */,
				A0461EF31D1CADF700763BCE /* itemsCell.xib in Resources */,
				A0B0EC7A1D1DDCB800583658 /* logo2.png in Resources */,
				A0B0EC611D1DD60700583658 /* g10.jpg in Resources */,
				A0B0EC631D1DD60700583658 /* g8.jpg in Resources */,
				A0B0EC791D1DDCB800583658 /* logo3.jpg in Resources */,
				A0B0EC581D1DD1DA00583658 /* g2.jpg in Resources */,
				A0B0EC621D1DD60700583658 /* g9.jpg in Resources */,
				A0B0EC7B1D1DDCB800583658 /* logo1.jpg in Resources */,
				A0461EDC1D1C9F4E00763BCE /* LaunchScreen.storyboard in Resources */,
				A0B0EC751D1DDADD00583658 /* Intro3.png in Resources */,
				A0461ED91D1C9F4E00763BCE /* Assets.xcassets in Resources */,
				A0B0EC6C1D1DD7F800583658 /* g15.png in Resources */,
				A0B0EC6B1D1DD7F800583658 /* g16.jpg in Resources */,
				A0B0EC571D1DD1DA00583658 /* g3.jpg in Resources */,
				A0B0EC741D1DDADD00583658 /* Intro2.png in Resources */,
				A0B0EC601D1DD60700583658 /* g11.jpg in Resources */,
				A0461ED41D1C9F4D00763BCE /* Main.storyboard in Resources */,
				A0B0EC4E1D1DCDEA00583658 /* Boton.png in Resources */,
				A0B0EC641D1DD60700583658 /* g7.jpg in Resources */,
				A0B0EC7D1D1DDFDE00583658 /* logo4.png in Resources */,
				A0B0EC6E1D1DD7F800583658 /* g13.jpg in Resources */,
				A0B0EC551D1DD1DA00583658 /* g5.jpg in Resources */,
			);
			runOnlyForDeploymentPostprocessing = 0;
		};
/* End PBXResourcesBuildPhase section */

/* Begin PBXSourcesBuildPhase section */
		A0461EC21D1C9F4D00763BCE /* Sources */ = {
			isa = PBXSourcesBuildPhase;
			buildActionMask = 2147483647;
			files = (
				A0461EF21D1CADF700763BCE /* itemsCell.m in Sources */,
				A0461EE71D1CA5F200763BCE /* Intro.m in Sources */,
				A0461ED11D1C9F4D00763BCE /* Start.m in Sources */,
				A0461EEA1D1CA67100763BCE /* Declarations.m in Sources */,
				A0461ED71D1C9F4E00763BCE /* Lab04.xcdatamodeld in Sources */,
				A0461EF61D1CAF9B00763BCE /* Details.m in Sources */,
				A0461EED1D1CAC0800763BCE /* Home.m in Sources */,
				A0461ECE1D1C9F4D00763BCE /* AppDelegate.m in Sources */,
				A0461ECB1D1C9F4D00763BCE /* main.m in Sources */,
			);
			runOnlyForDeploymentPostprocessing = 0;
		};
/* End PBXSourcesBuildPhase section */

/* Begin PBXVariantGroup section */
		A0461ED21D1C9F4D00763BCE /* Main.storyboard */ = {
			isa = PBXVariantGroup;
			children = (
				A0461ED31D1C9F4D00763BCE /* Base */,
			);
			name = Main.storyboard;
			sourceTree = "<group>";
		};
		A0461EDA1D1C9F4E00763BCE /* LaunchScreen.storyboard */ = {
			isa = PBXVariantGroup;
			children = (
				A0461EDB1D1C9F4E00763BCE /* Base */,
			);
			name = LaunchScreen.storyboard;
			sourceTree = "<group>";
		};
/* End PBXVariantGroup section */

/* Begin XCBuildConfiguration section */
		A0461EDE1D1C9F4E00763BCE /* Debug */ = {
			isa = XCBuildConfiguration;
			buildSettings = {
				ALWAYS_SEARCH_USER_PATHS = NO;
				CLANG_ANALYZER_NONNULL = YES;
				CLANG_CXX_LANGUAGE_STANDARD = "gnu++0x";
				CLANG_CXX_LIBRARY = "libc++";
				CLANG_ENABLE_MODULES = YES;
				CLANG_ENABLE_OBJC_ARC = YES;
				CLANG_WARN_BOOL_CONVERSION = YES;
				CLANG_WARN_CONSTANT_CONVERSION = YES;
				CLANG_WARN_DIRECT_OBJC_ISA_USAGE = YES_ERROR;
				CLANG_WARN_EMPTY_BODY = YES;
				CLANG_WARN_ENUM_CONVERSION = YES;
				CLANG_WARN_INT_CONVERSION = YES;
				CLANG_WARN_OBJC_ROOT_CLASS = YES_ERROR;
				CLANG_WARN_UNREACHABLE_CODE = YES;
				CLANG_WARN__DUPLICATE_METHOD_MATCH = YES;
				"CODE_SIGN_IDENTITY[sdk=iphoneos*]" = "iPhone Developer";
				COPY_PHASE_STRIP = NO;
				DEBUG_INFORMATION_FORMAT = dwarf;
				ENABLE_STRICT_OBJC_MSGSEND = YES;
				ENABLE_TESTABILITY = YES;
				GCC_C_LANGUAGE_STANDARD = gnu99;
				GCC_DYNAMIC_NO_PIC = NO;
				GCC_NO_COMMON_BLOCKS = YES;
				GCC_OPTIMIZATION_LEVEL = 0;
				GCC_PREPROCESSOR_DEFINITIONS = (
					"DEBUG=1",
					"$(inherited)",
				);
				GCC_WARN_64_TO_32_BIT_CONVERSION = YES;
				GCC_WARN_ABOUT_RETURN_TYPE = YES_ERROR;
				GCC_WARN_UNDECLARED_SELECTOR = YES;
				GCC_WARN_UNINITIALIZED_AUTOS = YES_AGGRESSIVE;
				GCC_WARN_UNUSED_FUNCTION = YES;
				GCC_WARN_UNUSED_VARIABLE = YES;
				IPHONEOS_DEPLOYMENT_TARGET = 9.3;
				MTL_ENABLE_DEBUG_INFO = YES;
				ONLY_ACTIVE_ARCH = YES;
				SDKROOT = iphoneos;
			};
			name = Debug;
		};
		A0461EDF1D1C9F4E00763BCE /* Release */ = {
			isa = XCBuildConfiguration;
			buildSettings = {
				ALWAYS_SEARCH_USER_PATHS = NO;
				CLANG_ANALYZER_NONNULL = YES;
				CLANG_CXX_LANGUAGE_STANDARD = "gnu++0x";
				CLANG_CXX_LIBRARY = "libc++";
				CLANG_ENABLE_MODULES = YES;
				CLANG_ENABLE_OBJC_ARC = YES;
				CLANG_WARN_BOOL_CONVERSION = YES;
				CLANG_WARN_CONSTANT_CONVERSION = YES;
				CLANG_WARN_DIRECT_OBJC_ISA_USAGE = YES_ERROR;
				CLANG_WARN_EMPTY_BODY = YES;
				CLANG_WARN_ENUM_CONVERSION = YES;
				CLANG_WARN_INT_CONVERSION = YES;
				CLANG_WARN_OBJC_ROOT_CLASS = YES_ERROR;
				CLANG_WARN_UNREACHABLE_CODE = YES;
				CLANG_WARN__DUPLICATE_METHOD_MATCH = YES;
				"CODE_SIGN_IDENTITY[sdk=iphoneos*]" = "iPhone Developer";
				COPY_PHASE_STRIP = NO;
				DEBUG_INFORMATION_FORMAT = "dwarf-with-dsym";
				ENABLE_NS_ASSERTIONS = NO;
				ENABLE_STRICT_OBJC_MSGSEND = YES;
				GCC_C_LANGUAGE_STANDARD = gnu99;
				GCC_NO_COMMON_BLOCKS = YES;
				GCC_WARN_64_TO_32_BIT_CONVERSION = YES;
				GCC_WARN_ABOUT_RETURN_TYPE = YES_ERROR;
				GCC_WARN_UNDECLARED_SELECTOR = YES;
				GCC_WARN_UNINITIALIZED_AUTOS = YES_AGGRESSIVE;
				GCC_WARN_UNUSED_FUNCTION = YES;
				GCC_WARN_UNUSED_VARIABLE = YES;
				IPHONEOS_DEPLOYMENT_TARGET = 9.3;
				MTL_ENABLE_DEBUG_INFO = NO;
				SDKROOT = iphoneos;
				VALIDATE_PRODUCT = YES;
			};
			name = Release;
		};
		A0461EE11D1C9F4E00763BCE /* Debug */ = {
			isa = XCBuildConfiguration;
			buildSettings = {
				ASSETCATALOG_COMPILER_APPICON_NAME = AppIcon;
				ASSETCATALOG_COMPILER_LAUNCHIMAGE_NAME = "Brand Assets";
				CODE_SIGN_IDENTITY = "iPhone Developer";
				"CODE_SIGN_IDENTITY[sdk=iphoneos*]" = "iPhone Developer";
				INFOPLIST_FILE = Lab04/Info.plist;
				LD_RUNPATH_SEARCH_PATHS = "$(inherited) @executable_path/Frameworks";
				PRODUCT_BUNDLE_IDENTIFIER = com.ljmc.Lab04;
				PRODUCT_NAME = "$(TARGET_NAME)";
				PROVISIONING_PROFILE = "";
			};
			name = Debug;
		};
		A0461EE21D1C9F4E00763BCE /* Release */ = {
			isa = XCBuildConfiguration;
			buildSettings = {
				ASSETCATALOG_COMPILER_APPICON_NAME = AppIcon;
				ASSETCATALOG_COMPILER_LAUNCHIMAGE_NAME = "Brand Assets";
				CODE_SIGN_IDENTITY = "iPhone Developer";
				"CODE_SIGN_IDENTITY[sdk=iphoneos*]" = "iPhone Developer";
				INFOPLIST_FILE = Lab04/Info.plist;
				LD_RUNPATH_SEARCH_PATHS = "$(inherited) @executable_path/Frameworks";
				PRODUCT_BUNDLE_IDENTIFIER = com.ljmc.Lab04;
				PRODUCT_NAME = "$(TARGET_NAME)";
				PROVISIONING_PROFILE = "";
			};
			name = Release;
		};
/* End XCBuildConfiguration section */

/* Begin XCConfigurationList section */
		A0461EC11D1C9F4D00763BCE /* Build configuration list for PBXProject "Lab04" */ = {
			isa = XCConfigurationList;
			buildConfigurations = (
				A0461EDE1D1C9F4E00763BCE /* Debug */,
				A0461EDF1D1C9F4E00763BCE /* Release */,
			);
			defaultConfigurationIsVisible = 0;
			defaultConfigurationName = Release;
		};
		A0461EE01D1C9F4E00763BCE /* Build configuration list for PBXNativeTarget "Lab04" */ = {
			isa = XCConfigurationList;
			buildConfigurations = (
				A0461EE11D1C9F4E00763BCE /* Debug */,
				A0461EE21D1C9F4E00763BCE /* Release */,
			);
			defaultConfigurationIsVisible = 0;
			defaultConfigurationName = Release;
		};
/* End XCConfigurationList section */

/* Begin XCVersionGroup section */
		A0461ED51D1C9F4D00763BCE /* Lab04.xcdatamodeld */ = {
			isa = XCVersionGroup;
			children = (
				A0461ED61D1C9F4D00763BCE /* Lab04.xcdatamodel */,
			);
			currentVersion = A0461ED61D1C9F4D00763BCE /* Lab04.xcdatamodel */;
			path = Lab04.xcdatamodeld;
			sourceTree = "<group>";
			versionGroupType = wrapper.xcdatamodel;
		};
/* End XCVersionGroup section */
	};
	rootObject = A0461EBE1D1C9F4D00763BCE /* Project object */;
}
